
Microsoft Visual Studio Solution File, Format Version 12.00
# Visual Studio Version 17
VisualStudioVersion = 17.10.35122.118
MinimumVisualStudioVersion = 10.0.40219.1
Project("{FAE04EC0-301F-11D3-BF4B-00C04F79EFBC}") = "DataStructures", "DataStructures\DataStructures.csproj", "{DE1B9858-D627-491A-8608-81327CAE3F3A}"
EndProject
Project("{2150E333-8FDC-42A3-9474-1A3956D46DE8}") = "Solution Items", "Solution Items", "{304B84D1-C617-4285-AF60-824A39563F10}"
	ProjectSection(SolutionItems) = preProject
		Node.cs = Node.cs
	EndProjectSection
EndProject
Global
	GlobalSection(SolutionConfigurationPlatforms) = preSolution
		Debug|Any CPU = Debug|Any CPU
		Release|Any CPU = Release|Any CPU
	EndGlobalSection
	GlobalSection(ProjectConfigurationPlatforms) = postSolution
		{DE1B9858-D627-491A-8608-81327CAE3F3A}.Debug|Any CPU.ActiveCfg = Debug|Any CPU
		{DE1B9858-D627-491A-8608-81327CAE3F3A}.Debug|Any CPU.Build.0 = Debug|Any CPU
		{DE1B9858-D627-491A-8608-81327CAE3F3A}.Release|Any CPU.ActiveCfg = Release|Any CPU
		{DE1B9858-D627-491A-8608-81327CAE3F3A}.Release|Any CPU.Build.0 = Release|Any CPU
	EndGlobalSection
	GlobalSection(SolutionProperties) = preSolution
		HideSolutionNode = FALSE
	EndGlobalSection
	GlobalSection(ExtensibilityGlobals) = postSolution
		SolutionGuid = {54716878-3E49-4DE0-B7E0-624F2D74E9A2}
	EndGlobalSection
EndGlobal
